
Microsoft Visual Studio Solution File, Format Version 12.00
# Visual Studio Version 17
VisualStudioVersion = 17.0.31903.59
MinimumVisualStudioVersion = 10.0.40219.1
Project("{FAE04EC0-301F-11D3-BF4B-00C04F79EFBC}") = "AuthService", "AuthService\AuthService.csproj", "{990C0DA3-2A93-4900-AD71-CCE41FFA2C5E}"
EndProject
Project("{FAE04EC0-301F-11D3-BF4B-00C04F79EFBC}") = "TripPlannerService", "TripPlannerService\TripPlannerService.csproj", "{0C6F8C1F-A3D4-4992-90DD-BCC3CB83F738}"
EndProject
Global
	GlobalSection(SolutionConfigurationPlatforms) = preSolution
		Debug|Any CPU = Debug|Any CPU
		Release|Any CPU = Release|Any CPU
	EndGlobalSection
	GlobalSection(SolutionProperties) = preSolution
		HideSolutionNode = FALSE
	EndGlobalSection
	GlobalSection(ProjectConfigurationPlatforms) = postSolution
		{990C0DA3-2A93-4900-AD71-CCE41FFA2C5E}.Debug|Any CPU.ActiveCfg = Debug|Any CPU
		{990C0DA3-2A93-4900-AD71-CCE41FFA2C5E}.Debug|Any CPU.Build.0 = Debug|Any CPU
		{990C0DA3-2A93-4900-AD71-CCE41FFA2C5E}.Release|Any CPU.ActiveCfg = Release|Any CPU
		{990C0DA3-2A93-4900-AD71-CCE41FFA2C5E}.Release|Any CPU.Build.0 = Release|Any CPU
		{0C6F8C1F-A3D4-4992-90DD-BCC3CB83F738}.Debug|Any CPU.ActiveCfg = Debug|Any CPU
		{0C6F8C1F-A3D4-4992-90DD-BCC3CB83F738}.Debug|Any CPU.Build.0 = Debug|Any CPU
		{0C6F8C1F-A3D4-4992-90DD-BCC3CB83F738}.Release|Any CPU.ActiveCfg = Release|Any CPU
		{0C6F8C1F-A3D4-4992-90DD-BCC3CB83F738}.Release|Any CPU.Build.0 = Release|Any CPU
	EndGlobalSection
EndGlobal
